// !$*UTF8*$!
{
	archiveVersion = 1;
	classes = {
	};
	objectVersion = 56;
	objects = {

/* Begin PBXBuildFile section */
		2B9FD9C128B3612D00772716 /* AppDelegate.swift in Sources */ = {isa = PBXBuildFile; fileRef = 2B9FD9C028B3612D00772716 /* AppDelegate.swift */; };
		2B9FD9C328B3612D00772716 /* SceneDelegate.swift in Sources */ = {isa = PBXBuildFile; fileRef = 2B9FD9C228B3612D00772716 /* SceneDelegate.swift */; };
		2B9FD9C528B3612D00772716 /* FirstViewController.swift in Sources */ = {isa = PBXBuildFile; fileRef = 2B9FD9C428B3612D00772716 /* FirstViewController.swift */; };
		2B9FD9C828B3612D00772716 /* Main.storyboard in Resources */ = {isa = PBXBuildFile; fileRef = 2B9FD9C628B3612D00772716 /* Main.storyboard */; };
		2B9FD9CA28B3612E00772716 /* Assets.xcassets in Resources */ = {isa = PBXBuildFile; fileRef = 2B9FD9C928B3612E00772716 /* Assets.xcassets */; };
		2B9FD9CD28B3612E00772716 /* LaunchScreen.storyboard in Resources */ = {isa = PBXBuildFile; fileRef = 2B9FD9CB28B3612E00772716 /* LaunchScreen.storyboard */; };
		2B9FD9D528B368D300772716 /* SecondViewController.swift in Sources */ = {isa = PBXBuildFile; fileRef = 2B9FD9D428B368D300772716 /* SecondViewController.swift */; };
		2B9FD9D728B3694000772716 /* MyPasteViewController.swift in Sources */ = {isa = PBXBuildFile; fileRef = 2B9FD9D628B3694000772716 /* MyPasteViewController.swift */; };
		2B9FD9DA28B369C100772716 /* AfterPageControlViewController.swift in Sources */ = {isa = PBXBuildFile; fileRef = 2B9FD9D928B369C100772716 /* AfterPageControlViewController.swift */; };
		2B9FD9DC28B36A1200772716 /* MyCalendarViewController.swift in Sources */ = {isa = PBXBuildFile; fileRef = 2B9FD9DB28B36A1200772716 /* MyCalendarViewController.swift */; };
		2B9FD9DE28B36A6B00772716 /* MyWindowViewController.swift in Sources */ = {isa = PBXBuildFile; fileRef = 2B9FD9DD28B36A6B00772716 /* MyWindowViewController.swift */; };
		2B9FD9E028B36AAB00772716 /* MyDatePickerViewController.swift in Sources */ = {isa = PBXBuildFile; fileRef = 2B9FD9DF28B36AAB00772716 /* MyDatePickerViewController.swift */; };
		2B9FD9E328B36AEC00772716 /* BeforePageViewController.swift in Sources */ = {isa = PBXBuildFile; fileRef = 2B9FD9E228B36AEC00772716 /* BeforePageViewController.swift */; };
/* End PBXBuildFile section */

/* Begin PBXFileReference section */
		2B9FD9BD28B3612D00772716 /* WWDC.app */ = {isa = PBXFileReference; explicitFileType = wrapper.application; includeInIndex = 0; path = WWDC.app; sourceTree = BUILT_PRODUCTS_DIR; };
		2B9FD9C028B3612D00772716 /* AppDelegate.swift */ = {isa = PBXFileReference; lastKnownFileType = sourcecode.swift; path = AppDelegate.swift; sourceTree = "<group>"; };
		2B9FD9C228B3612D00772716 /* SceneDelegate.swift */ = {isa = PBXFileReference; lastKnownFileType = sourcecode.swift; path = SceneDelegate.swift; sourceTree = "<group>"; };
		2B9FD9C428B3612D00772716 /* FirstViewController.swift */ = {isa = PBXFileReference; lastKnownFileType = sourcecode.swift; path = FirstViewController.swift; sourceTree = "<group>"; };
		2B9FD9C728B3612D00772716 /* Base */ = {isa = PBXFileReference; lastKnownFileType = file.storyboard; name = Base; path = Base.lproj/Main.storyboard; sourceTree = "<group>"; };
		2B9FD9C928B3612E00772716 /* Assets.xcassets */ = {isa = PBXFileReference; lastKnownFileType = folder.assetcatalog; path = Assets.xcassets; sourceTree = "<group>"; };
		2B9FD9CC28B3612E00772716 /* Base */ = {isa = PBXFileReference; lastKnownFileType = file.storyboard; name = Base; path = Base.lproj/LaunchScreen.storyboard; sourceTree = "<group>"; };
		2B9FD9CE28B3612E00772716 /* Info.plist */ = {isa = PBXFileReference; lastKnownFileType = text.plist.xml; path = Info.plist; sourceTree = "<group>"; };
		2B9FD9D428B368D300772716 /* SecondViewController.swift */ = {isa = PBXFileReference; lastKnownFileType = sourcecode.swift; path = SecondViewController.swift; sourceTree = "<group>"; };
		2B9FD9D628B3694000772716 /* MyPasteViewController.swift */ = {isa = PBXFileReference; lastKnownFileType = sourcecode.swift; path = MyPasteViewController.swift; sourceTree = "<group>"; };
		2B9FD9D928B369C100772716 /* AfterPageControlViewController.swift */ = {isa = PBXFileReference; lastKnownFileType = sourcecode.swift; path = AfterPageControlViewController.swift; sourceTree = "<group>"; };
		2B9FD9DB28B36A1200772716 /* MyCalendarViewController.swift */ = {isa = PBXFileReference; lastKnownFileType = sourcecode.swift; path = MyCalendarViewController.swift; sourceTree = "<group>"; };
		2B9FD9DD28B36A6B00772716 /* MyWindowViewController.swift */ = {isa = PBXFileReference; lastKnownFileType = sourcecode.swift; path = MyWindowViewController.swift; sourceTree = "<group>"; };
		2B9FD9DF28B36AAB00772716 /* MyDatePickerViewController.swift */ = {isa = PBXFileReference; lastKnownFileType = sourcecode.swift; path = MyDatePickerViewController.swift; sourceTree = "<group>"; };
		2B9FD9E228B36AEC00772716 /* BeforePageViewController.swift */ = {isa = PBXFileReference; lastKnownFileType = sourcecode.swift; path = BeforePageViewController.swift; sourceTree = "<group>"; };
/* End PBXFileReference section */

/* Begin PBXFrameworksBuildPhase section */
		2B9FD9BA28B3612D00772716 /* Frameworks */ = {
			isa = PBXFrameworksBuildPhase;
			buildActionMask = 2147483647;
			files = (
			);
			runOnlyForDeploymentPostprocessing = 0;
		};
/* End PBXFrameworksBuildPhase section */

/* Begin PBXGroup section */
		2B9FD9B428B3612D00772716 = {
			isa = PBXGroup;
			children = (
				2B9FD9BF28B3612D00772716 /* WWDC */,
				2B9FD9BE28B3612D00772716 /* Products */,
			);
			sourceTree = "<group>";
		};
		2B9FD9BE28B3612D00772716 /* Products */ = {
			isa = PBXGroup;
			children = (
				2B9FD9BD28B3612D00772716 /* WWDC.app */,
			);
			name = Products;
			sourceTree = "<group>";
		};
		2B9FD9BF28B3612D00772716 /* WWDC */ = {
			isa = PBXGroup;
			children = (
				2B9FD9C028B3612D00772716 /* AppDelegate.swift */,
				2B9FD9C228B3612D00772716 /* SceneDelegate.swift */,
				2B9FD9C428B3612D00772716 /* FirstViewController.swift */,
				2B9FD9D828B3694400772716 /* second */,
				2B9FD9D428B368D300772716 /* SecondViewController.swift */,
				2B9FD9C628B3612D00772716 /* Main.storyboard */,
				2B9FD9C928B3612E00772716 /* Assets.xcassets */,
				2B9FD9CB28B3612E00772716 /* LaunchScreen.storyboard */,
				2B9FD9CE28B3612E00772716 /* Info.plist */,
			);
			path = WWDC;
			sourceTree = "<group>";
		};
		2B9FD9D828B3694400772716 /* second */ = {
			isa = PBXGroup;
			children = (
				2B9FD9D628B3694000772716 /* MyPasteViewController.swift */,
				2B9FD9D928B369C100772716 /* AfterPageControlViewController.swift */,
				2B9FD9DB28B36A1200772716 /* MyCalendarViewController.swift */,
				2B9FD9DD28B36A6B00772716 /* MyWindowViewController.swift */,
				2B9FD9E128B36ACE00772716 /* first */,
			);
			path = second;
			sourceTree = "<group>";
		};
		2B9FD9E128B36ACE00772716 /* first */ = {
			isa = PBXGroup;
			children = (
				2B9FD9DF28B36AAB00772716 /* MyDatePickerViewController.swift */,
				2B9FD9E228B36AEC00772716 /* BeforePageViewController.swift */,
			);
			path = first;
			sourceTree = "<group>";
		};
/* End PBXGroup section */

/* Begin PBXNativeTarget section */
		2B9FD9BC28B3612D00772716 /* WWDC */ = {
			isa = PBXNativeTarget;
			buildConfigurationList = 2B9FD9D128B3612E00772716 /* Build configuration list for PBXNativeTarget "WWDC" */;
			buildPhases = (
				2B9FD9B928B3612D00772716 /* Sources */,
				2B9FD9BA28B3612D00772716 /* Frameworks */,
				2B9FD9BB28B3612D00772716 /* Resources */,
			);
			buildRules = (
			);
			dependencies = (
			);
			name = WWDC;
			productName = WWDC;
			productReference = 2B9FD9BD28B3612D00772716 /* WWDC.app */;
			productType = "com.apple.product-type.application";
		};
/* End PBXNativeTarget section */

/* Begin PBXProject section */
		2B9FD9B528B3612D00772716 /* Project object */ = {
			isa = PBXProject;
			attributes = {
				BuildIndependentTargetsInParallel = 1;
				LastSwiftUpdateCheck = 1400;
				LastUpgradeCheck = 1400;
				TargetAttributes = {
					2B9FD9BC28B3612D00772716 = {
						CreatedOnToolsVersion = 14.0;
					};
				};
			};
			buildConfigurationList = 2B9FD9B828B3612D00772716 /* Build configuration list for PBXProject "WWDC" */;
			compatibilityVersion = "Xcode 14.0";
			developmentRegion = en;
			hasScannedForEncodings = 0;
			knownRegions = (
				en,
				Base,
			);
			mainGroup = 2B9FD9B428B3612D00772716;
			productRefGroup = 2B9FD9BE28B3612D00772716 /* Products */;
			projectDirPath = "";
			projectRoot = "";
			targets = (
				2B9FD9BC28B3612D00772716 /* WWDC */,
			);
		};
/* End PBXProject section */

/* Begin PBXResourcesBuildPhase section */
		2B9FD9BB28B3612D00772716 /* Resources */ = {
			isa = PBXResourcesBuildPhase;
			buildActionMask = 2147483647;
			files = (
				2B9FD9CD28B3612E00772716 /* LaunchScreen.storyboard in Resources */,
				2B9FD9CA28B3612E00772716 /* Assets.xcassets in Resources */,
				2B9FD9C828B3612D00772716 /* Main.storyboard in Resources */,
			);
			runOnlyForDeploymentPostprocessing = 0;
		};
/* End PBXResourcesBuildPhase section */

/* Begin PBXSourcesBuildPhase section */
		2B9FD9B928B3612D00772716 /* Sources */ = {
			isa = PBXSourcesBuildPhase;
			buildActionMask = 2147483647;
			files = (
				2B9FD9D728B3694000772716 /* MyPasteViewController.swift in Sources */,
				2B9FD9E028B36AAB00772716 /* MyDatePickerViewController.swift in Sources */,
				2B9FD9D528B368D300772716 /* SecondViewController.swift in Sources */,
				2B9FD9C528B3612D00772716 /* FirstViewController.swift in Sources */,
				2B9FD9DC28B36A1200772716 /* MyCalendarViewController.swift in Sources */,
				2B9FD9DE28B36A6B00772716 /* MyWindowViewController.swift in Sources */,
				2B9FD9C128B3612D00772716 /* AppDelegate.swift in Sources */,
				2B9FD9DA28B369C100772716 /* AfterPageControlViewController.swift in Sources */,
				2B9FD9E328B36AEC00772716 /* BeforePageViewController.swift in Sources */,
				2B9FD9C328B3612D00772716 /* SceneDelegate.swift in Sources */,
			);
			runOnlyForDeploymentPostprocessing = 0;
		};
/* End PBXSourcesBuildPhase section */

/* Begin PBXVariantGroup section */
		2B9FD9C628B3612D00772716 /* Main.storyboard */ = {
			isa = PBXVariantGroup;
			children = (
				2B9FD9C728B3612D00772716 /* Base */,
			);
			name = Main.storyboard;
			sourceTree = "<group>";
		};
		2B9FD9CB28B3612E00772716 /* LaunchScreen.storyboard */ = {
			isa = PBXVariantGroup;
			children = (
				2B9FD9CC28B3612E00772716 /* Base */,
			);
			name = LaunchScreen.storyboard;
			sourceTree = "<group>";
		};
/* End PBXVariantGroup section */

/* Begin XCBuildConfiguration section */
		2B9FD9CF28B3612E00772716 /* Debug */ = {
			isa = XCBuildConfiguration;
			buildSettings = {
				ALWAYS_SEARCH_USER_PATHS = NO;
				CLANG_ANALYZER_NONNULL = YES;
				CLANG_ANALYZER_NUMBER_OBJECT_CONVERSION = YES_AGGRESSIVE;
				CLANG_CXX_LANGUAGE_STANDARD = "gnu++20";
				CLANG_ENABLE_MODULES = YES;
				CLANG_ENABLE_OBJC_ARC = YES;
				CLANG_ENABLE_OBJC_WEAK = YES;
				CLANG_WARN_BLOCK_CAPTURE_AUTORELEASING = YES;
				CLANG_WARN_BOOL_CONVERSION = YES;
				CLANG_WARN_COMMA = YES;
				CLANG_WARN_CONSTANT_CONVERSION = YES;
				CLANG_WARN_DEPRECATED_OBJC_IMPLEMENTATIONS = YES;
				CLANG_WARN_DIRECT_OBJC_ISA_USAGE = YES_ERROR;
				CLANG_WARN_DOCUMENTATION_COMMENTS = YES;
				CLANG_WARN_EMPTY_BODY = YES;
				CLANG_WARN_ENUM_CONVERSION = YES;
				CLANG_WARN_INFINITE_RECURSION = YES;
				CLANG_WARN_INT_CONVERSION = YES;
				CLANG_WARN_NON_LITERAL_NULL_CONVERSION = YES;
				CLANG_WARN_OBJC_IMPLICIT_RETAIN_SELF = YES;
				CLANG_WARN_OBJC_LITERAL_CONVERSION = YES;
				CLANG_WARN_OBJC_ROOT_CLASS = YES_ERROR;
				CLANG_WARN_QUOTED_INCLUDE_IN_FRAMEWORK_HEADER = YES;
				CLANG_WARN_RANGE_LOOP_ANALYSIS = YES;
				CLANG_WARN_STRICT_PROTOTYPES = YES;
				CLANG_WARN_SUSPICIOUS_MOVE = YES;
				CLANG_WARN_UNGUARDED_AVAILABILITY = YES_AGGRESSIVE;
				CLANG_WARN_UNREACHABLE_CODE = YES;
				CLANG_WARN__DUPLICATE_METHOD_MATCH = YES;
				COPY_PHASE_STRIP = NO;
				DEBUG_INFORMATION_FORMAT = dwarf;
				ENABLE_STRICT_OBJC_MSGSEND = YES;
				ENABLE_TESTABILITY = YES;
				GCC_C_LANGUAGE_STANDARD = gnu11;
				GCC_DYNAMIC_NO_PIC = NO;
				GCC_NO_COMMON_BLOCKS = YES;
				GCC_OPTIMIZATION_LEVEL = 0;
				GCC_PREPROCESSOR_DEFINITIONS = (
					"DEBUG=1",
					"$(inherited)",
				);
				GCC_WARN_64_TO_32_BIT_CONVERSION = YES;
				GCC_WARN_ABOUT_RETURN_TYPE = YES_ERROR;
				GCC_WARN_UNDECLARED_SELECTOR = YES;
				GCC_WARN_UNINITIALIZED_AUTOS = YES_AGGRESSIVE;
				GCC_WARN_UNUSED_FUNCTION = YES;
				GCC_WARN_UNUSED_VARIABLE = YES;
				IPHONEOS_DEPLOYMENT_TARGET = 16.0;
				MTL_ENABLE_DEBUG_INFO = INCLUDE_SOURCE;
				MTL_FAST_MATH = YES;
				ONLY_ACTIVE_ARCH = YES;
				SDKROOT = iphoneos;
				SWIFT_ACTIVE_COMPILATION_CONDITIONS = DEBUG;
				SWIFT_OPTIMIZATION_LEVEL = "-Onone";
			};
			name = Debug;
		};
		2B9FD9D028B3612E00772716 /* Release */ = {
			isa = XCBuildConfiguration;
			buildSettings = {
				ALWAYS_SEARCH_USER_PATHS = NO;
				CLANG_ANALYZER_NONNULL = YES;
				CLANG_ANALYZER_NUMBER_OBJECT_CONVERSION = YES_AGGRESSIVE;
				CLANG_CXX_LANGUAGE_STANDARD = "gnu++20";
				CLANG_ENABLE_MODULES = YES;
				CLANG_ENABLE_OBJC_ARC = YES;
				CLANG_ENABLE_OBJC_WEAK = YES;
				CLANG_WARN_BLOCK_CAPTURE_AUTORELEASING = YES;
				CLANG_WARN_BOOL_CONVERSION = YES;
				CLANG_WARN_COMMA = YES;
				CLANG_WARN_CONSTANT_CONVERSION = YES;
				CLANG_WARN_DEPRECATED_OBJC_IMPLEMENTATIONS = YES;
				CLANG_WARN_DIRECT_OBJC_ISA_USAGE = YES_ERROR;
				CLANG_WARN_DOCUMENTATION_COMMENTS = YES;
				CLANG_WARN_EMPTY_BODY = YES;
				CLANG_WARN_ENUM_CONVERSION = YES;
				CLANG_WARN_INFINITE_RECURSION = YES;
				CLANG_WARN_INT_CONVERSION = YES;
				CLANG_WARN_NON_LITERAL_NULL_CONVERSION = YES;
				CLANG_WARN_OBJC_IMPLICIT_RETAIN_SELF = YES;
				CLANG_WARN_OBJC_LITERAL_CONVERSION = YES;
				CLANG_WARN_OBJC_ROOT_CLASS = YES_ERROR;
				CLANG_WARN_QUOTED_INCLUDE_IN_FRAMEWORK_HEADER = YES;
				CLANG_WARN_RANGE_LOOP_ANALYSIS = YES;
				CLANG_WARN_STRICT_PROTOTYPES = YES;
				CLANG_WARN_SUSPICIOUS_MOVE = YES;
				CLANG_WARN_UNGUARDED_AVAILABILITY = YES_AGGRESSIVE;
				CLANG_WARN_UNREACHABLE_CODE = YES;
				CLANG_WARN__DUPLICATE_METHOD_MATCH = YES;
				COPY_PHASE_STRIP = NO;
				DEBUG_INFORMATION_FORMAT = "dwarf-with-dsym";
				ENABLE_NS_ASSERTIONS = NO;
				ENABLE_STRICT_OBJC_MSGSEND = YES;
				GCC_C_LANGUAGE_STANDARD = gnu11;
				GCC_NO_COMMON_BLOCKS = YES;
				GCC_WARN_64_TO_32_BIT_CONVERSION = YES;
				GCC_WARN_ABOUT_RETURN_TYPE = YES_ERROR;
				GCC_WARN_UNDECLARED_SELECTOR = YES;
				GCC_WARN_UNINITIALIZED_AUTOS = YES_AGGRESSIVE;
				GCC_WARN_UNUSED_FUNCTION = YES;
				GCC_WARN_UNUSED_VARIABLE = YES;
				IPHONEOS_DEPLOYMENT_TARGET = 16.0;
				MTL_ENABLE_DEBUG_INFO = NO;
				MTL_FAST_MATH = YES;
				SDKROOT = iphoneos;
				SWIFT_COMPILATION_MODE = wholemodule;
				SWIFT_OPTIMIZATION_LEVEL = "-O";
				VALIDATE_PRODUCT = YES;
			};
			name = Release;
		};
		2B9FD9D228B3612E00772716 /* Debug */ = {
			isa = XCBuildConfiguration;
			buildSettings = {
				ASSETCATALOG_COMPILER_APPICON_NAME = AppIcon;
				ASSETCATALOG_COMPILER_GLOBAL_ACCENT_COLOR_NAME = AccentColor;
				CODE_SIGN_STYLE = Automatic;
				CURRENT_PROJECT_VERSION = 1;
				DEVELOPMENT_TEAM = H7M6YJA3XP;
				GENERATE_INFOPLIST_FILE = YES;
				INFOPLIST_FILE = WWDC/Info.plist;
				INFOPLIST_KEY_UIApplicationSupportsIndirectInputEvents = YES;
				INFOPLIST_KEY_UILaunchStoryboardName = LaunchScreen;
				INFOPLIST_KEY_UIMainStoryboardFile = Main;
				INFOPLIST_KEY_UISupportedInterfaceOrientations_iPad = "UIInterfaceOrientationPortrait UIInterfaceOrientationPortraitUpsideDown UIInterfaceOrientationLandscapeLeft UIInterfaceOrientationLandscapeRight";
				INFOPLIST_KEY_UISupportedInterfaceOrientations_iPhone = "UIInterfaceOrientationPortrait UIInterfaceOrientationLandscapeLeft UIInterfaceOrientationLandscapeRight";
				LD_RUNPATH_SEARCH_PATHS = (
					"$(inherited)",
					"@executable_path/Frameworks",
				);
				MARKETING_VERSION = 1.0;
				PRODUCT_BUNDLE_IDENTIFIER = com.bytedance.test.csy.WWDC;
				PRODUCT_NAME = "$(TARGET_NAME)";
				SWIFT_EMIT_LOC_STRINGS = YES;
				SWIFT_VERSION = 5.0;
				TARGETED_DEVICE_FAMILY = "1,2";
			};
			name = Debug;
		};
		2B9FD9D328B3612E00772716 /* Release */ = {
			isa = XCBuildConfiguration;
			buildSettings = {
				ASSETCATALOG_COMPILER_APPICON_NAME = AppIcon;
				ASSETCATALOG_COMPILER_GLOBAL_ACCENT_COLOR_NAME = AccentColor;
				CODE_SIGN_STYLE = Automatic;
				CURRENT_PROJECT_VERSION = 1;
				DEVELOPMENT_TEAM = H7M6YJA3XP;
				GENERATE_INFOPLIST_FILE = YES;
				INFOPLIST_FILE = WWDC/Info.plist;
				INFOPLIST_KEY_UIApplicationSupportsIndirectInputEvents = YES;
				INFOPLIST_KEY_UILaunchStoryboardName = LaunchScreen;
				INFOPLIST_KEY_UIMainStoryboardFile = Main;
				INFOPLIST_KEY_UISupportedInterfaceOrientations_iPad = "UIInterfaceOrientationPortrait UIInterfaceOrientationPortraitUpsideDown UIInterfaceOrientationLandscapeLeft UIInterfaceOrientationLandscapeRight";
				INFOPLIST_KEY_UISupportedInterfaceOrientations_iPhone = "UIInterfaceOrientationPortrait UIInterfaceOrientationLandscapeLeft UIInterfaceOrientationLandscapeRight";
				LD_RUNPATH_SEARCH_PATHS = (
					"$(inherited)",
					"@executable_path/Frameworks",
				);
				MARKETING_VERSION = 1.0;
				PRODUCT_BUNDLE_IDENTIFIER = com.bytedance.test.csy.WWDC;
				PRODUCT_NAME = "$(TARGET_NAME)";
				SWIFT_EMIT_LOC_STRINGS = YES;
				SWIFT_VERSION = 5.0;
				TARGETED_DEVICE_FAMILY = "1,2";
			};
			name = Release;
		};
/* End XCBuildConfiguration section */

/* Begin XCConfigurationList section */
		2B9FD9B828B3612D00772716 /* Build configuration list for PBXProject "WWDC" */ = {
			isa = XCConfigurationList;
			buildConfigurations = (
				2B9FD9CF28B3612E00772716 /* Debug */,
				2B9FD9D028B3612E00772716 /* Release */,
			);
			defaultConfigurationIsVisible = 0;
			defaultConfigurationName = Release;
		};
		2B9FD9D128B3612E00772716 /* Build configuration list for PBXNativeTarget "WWDC" */ = {
			isa = XCConfigurationList;
			buildConfigurations = (
				2B9FD9D228B3612E00772716 /* Debug */,
				2B9FD9D328B3612E00772716 /* Release */,
			);
			defaultConfigurationIsVisible = 0;
			defaultConfigurationName = Release;
		};
/* End XCConfigurationList section */
	};
	rootObject = 2B9FD9B528B3612D00772716 /* Project object */;
}
